
Microsoft Visual Studio Solution File, Format Version 12.00
# Visual Studio Version 16
VisualStudioVersion = 16.0.31624.102
MinimumVisualStudioVersion = 10.0.40219.1
Project("{FAE04EC0-301F-11D3-BF4B-00C04F79EFBC}") = "ex1", "ex1\ex1.csproj", "{76B226EB-C916-45D4-B5C3-A4151FE6040B}"
EndProject
Global
	GlobalSection(SolutionConfigurationPlatforms) = preSolution
		Debug|Any CPU = Debug|Any CPU
		Release|Any CPU = Release|Any CPU
	EndGlobalSection
	GlobalSection(ProjectConfigurationPlatforms) = postSolution
		{76B226EB-C916-45D4-B5C3-A4151FE6040B}.Debug|Any CPU.ActiveCfg = Debug|Any CPU
		{76B226EB-C916-45D4-B5C3-A4151FE6040B}.Debug|Any CPU.Build.0 = Debug|Any CPU
		{76B226EB-C916-45D4-B5C3-A4151FE6040B}.Release|Any CPU.ActiveCfg = Release|Any CPU
		{76B226EB-C916-45D4-B5C3-A4151FE6040B}.Release|Any CPU.Build.0 = Release|Any CPU
	EndGlobalSection
	GlobalSection(SolutionProperties) = preSolution
		HideSolutionNode = FALSE
	EndGlobalSection
	GlobalSection(ExtensibilityGlobals) = postSolution
		SolutionGuid = {C67FC72E-9780-44D8-ADA9-08E80B19FB71}
	EndGlobalSection
EndGlobal
